# THIS IS AN AUTOGENERATED FILE. DO NOT EDIT THIS FILE DIRECTLY.
# yarn lockfile v1


"@types/node@^12.0.4":
  version "12.0.4"
  resolved "https://registry.yarnpkg.com/@types/node/-/node-12.0.4.tgz#46832183115c904410c275e34cf9403992999c32"

bindings@^1.2.1:
  version "1.5.0"
  resolved "https://registry.yarnpkg.com/bindings/-/bindings-1.5.0.tgz#10353c9e945334bc0511a6d90b38fbc7c9c504df"
  dependencies:
    file-uri-to-path "1.0.0"

file-uri-to-path@1.0.0:
  version "1.0.0"
  resolved "https://registry.yarnpkg.com/file-uri-to-path/-/file-uri-to-path-1.0.0.tgz#553a7b8446ff6f684359c445f1e37a05dacc33dd"

libxml-xsd@^0.5.2:
  version "0.5.2"
  resolved "https://registry.yarnpkg.com/libxml-xsd/-/libxml-xsd-0.5.2.tgz#e5e5ee13d301a4d33af3bc4a7886991a5fd15a37"
  dependencies:
    bindings "^1.2.1"
    libxmljs-mt "0.16.1"
    nan "^2.1.0"

libxmljs-mt@0.16.1:
  version "0.16.1"
  resolved "https://registry.yarnpkg.com/libxmljs-mt/-/libxmljs-mt-0.16.1.tgz#b10f783d64b7b54d8f3f26efc69da2d005d4f57b"
  dependencies:
    bindings "^1.2.1"
    nan "^2.0.7"

nan@^2.0.7, nan@^2.1.0:
  version "2.14.0"
  resolved "https://registry.yarnpkg.com/nan/-/nan-2.14.0.tgz#7818f722027b2459a86f0295d434d1fc2336c52c"

typescript@^3.5.1:
  version "3.5.1"
  resolved "https://registry.yarnpkg.com/typescript/-/typescript-3.5.1.tgz#ba72a6a600b2158139c5dd8850f700e231464202"
